
Microsoft Visual Studio Solution File, Format Version 12.00
# Visual Studio 15
VisualStudioVersion = 15.0.26430.16
MinimumVisualStudioVersion = 10.0.40219.1
Project("{8BC9CEB8-8B4A-11D0-8D11-00A0C91BC942}") = "Executive", "Executive\Executive.vcxproj", "{9B17823C-9F1E-4343-B008-E283D3748151}"
EndProject
Project("{8BC9CEB8-8B4A-11D0-8D11-00A0C91BC942}") = "Task1", "Task1\Task1.vcxproj", "{36F4C070-EF05-4FC5-85B3-CDE571288E92}"
EndProject
Project("{8BC9CEB8-8B4A-11D0-8D11-00A0C91BC942}") = "Task2", "Task2\Task2.vcxproj", "{AD4CE593-AFFD-464B-A6EE-864861D066D6}"
EndProject
Project("{8BC9CEB8-8B4A-11D0-8D11-00A0C91BC942}") = "ATest", "ATest\ATest.vcxproj", "{D476FB95-C463-4C04-8AFC-3F89C76419E3}"
EndProject
Project("{8BC9CEB8-8B4A-11D0-8D11-00A0C91BC942}") = "Task3", "Task3\Task3.vcxproj", "{DC6217AF-D2E9-4FDC-AFF7-5D02EFF572BA}"
EndProject
Global
	GlobalSection(SolutionConfigurationPlatforms) = preSolution
		Debug|x64 = Debug|x64
		Debug|x86 = Debug|x86
		Release|x64 = Release|x64
		Release|x86 = Release|x86
	EndGlobalSection
	GlobalSection(ProjectConfigurationPlatforms) = postSolution
		{9B17823C-9F1E-4343-B008-E283D3748151}.Debug|x64.ActiveCfg = Debug|x64
		{9B17823C-9F1E-4343-B008-E283D3748151}.Debug|x64.Build.0 = Debug|x64
		{9B17823C-9F1E-4343-B008-E283D3748151}.Debug|x86.ActiveCfg = Debug|Win32
		{9B17823C-9F1E-4343-B008-E283D3748151}.Debug|x86.Build.0 = Debug|Win32
		{9B17823C-9F1E-4343-B008-E283D3748151}.Release|x64.ActiveCfg = Release|x64
		{9B17823C-9F1E-4343-B008-E283D3748151}.Release|x64.Build.0 = Release|x64
		{9B17823C-9F1E-4343-B008-E283D3748151}.Release|x86.ActiveCfg = Release|Win32
		{9B17823C-9F1E-4343-B008-E283D3748151}.Release|x86.Build.0 = Release|Win32
		{36F4C070-EF05-4FC5-85B3-CDE571288E92}.Debug|x64.ActiveCfg = Debug|x64
		{36F4C070-EF05-4FC5-85B3-CDE571288E92}.Debug|x64.Build.0 = Debug|x64
		{36F4C070-EF05-4FC5-85B3-CDE571288E92}.Debug|x86.ActiveCfg = Debug|Win32
		{36F4C070-EF05-4FC5-85B3-CDE571288E92}.Debug|x86.Build.0 = Debug|Win32
		{36F4C070-EF05-4FC5-85B3-CDE571288E92}.Release|x64.ActiveCfg = Release|x64
		{36F4C070-EF05-4FC5-85B3-CDE571288E92}.Release|x64.Build.0 = Release|x64
		{36F4C070-EF05-4FC5-85B3-CDE571288E92}.Release|x86.ActiveCfg = Release|Win32
		{36F4C070-EF05-4FC5-85B3-CDE571288E92}.Release|x86.Build.0 = Release|Win32
		{AD4CE593-AFFD-464B-A6EE-864861D066D6}.Debug|x64.ActiveCfg = Debug|x64
		{AD4CE593-AFFD-464B-A6EE-864861D066D6}.Debug|x64.Build.0 = Debug|x64
		{AD4CE593-AFFD-464B-A6EE-864861D066D6}.Debug|x86.ActiveCfg = Debug|Win32
		{AD4CE593-AFFD-464B-A6EE-864861D066D6}.Debug|x86.Build.0 = Debug|Win32
		{AD4CE593-AFFD-464B-A6EE-864861D066D6}.Release|x64.ActiveCfg = Release|x64
		{AD4CE593-AFFD-464B-A6EE-864861D066D6}.Release|x64.Build.0 = Release|x64
		{AD4CE593-AFFD-464B-A6EE-864861D066D6}.Release|x86.ActiveCfg = Release|Win32
		{AD4CE593-AFFD-464B-A6EE-864861D066D6}.Release|x86.Build.0 = Release|Win32
		{D476FB95-C463-4C04-8AFC-3F89C76419E3}.Debug|x64.ActiveCfg = Debug|x64
		{D476FB95-C463-4C04-8AFC-3F89C76419E3}.Debug|x64.Build.0 = Debug|x64
		{D476FB95-C463-4C04-8AFC-3F89C76419E3}.Debug|x86.ActiveCfg = Debug|Win32
		{D476FB95-C463-4C04-8AFC-3F89C76419E3}.Debug|x86.Build.0 = Debug|Win32
		{D476FB95-C463-4C04-8AFC-3F89C76419E3}.Release|x64.ActiveCfg = Release|x64
		{D476FB95-C463-4C04-8AFC-3F89C76419E3}.Release|x64.Build.0 = Release|x64
		{D476FB95-C463-4C04-8AFC-3F89C76419E3}.Release|x86.ActiveCfg = Release|Win32
		{D476FB95-C463-4C04-8AFC-3F89C76419E3}.Release|x86.Build.0 = Release|Win32
		{DC6217AF-D2E9-4FDC-AFF7-5D02EFF572BA}.Debug|x64.ActiveCfg = Debug|x64
		{DC6217AF-D2E9-4FDC-AFF7-5D02EFF572BA}.Debug|x64.Build.0 = Debug|x64
		{DC6217AF-D2E9-4FDC-AFF7-5D02EFF572BA}.Debug|x86.ActiveCfg = Debug|Win32
		{DC6217AF-D2E9-4FDC-AFF7-5D02EFF572BA}.Debug|x86.Build.0 = Debug|Win32
		{DC6217AF-D2E9-4FDC-AFF7-5D02EFF572BA}.Release|x64.ActiveCfg = Release|x64
		{DC6217AF-D2E9-4FDC-AFF7-5D02EFF572BA}.Release|x64.Build.0 = Release|x64
		{DC6217AF-D2E9-4FDC-AFF7-5D02EFF572BA}.Release|x86.ActiveCfg = Release|Win32
		{DC6217AF-D2E9-4FDC-AFF7-5D02EFF572BA}.Release|x86.Build.0 = Release|Win32
	EndGlobalSection
	GlobalSection(SolutionProperties) = preSolution
		HideSolutionNode = FALSE
	EndGlobalSection
EndGlobal
